// !$*UTF8*$!
{
	archiveVersion = 1;
	classes = {
	};
	objectVersion = 46;
	objects = {

/* Begin PBXBuildFile section */
		55525BDD1B1B03D300EFAE38 /* AppDelegate.swift in Sources */ = {isa = PBXBuildFile; fileRef = 55525BDC1B1B03D300EFAE38 /* AppDelegate.swift */; };
		55525BE41B1B03D300EFAE38 /* Images.xcassets in Resources */ = {isa = PBXBuildFile; fileRef = 55525BE31B1B03D300EFAE38 /* Images.xcassets */; };
		55525BE71B1B03D300EFAE38 /* LaunchScreen.xib in Resources */ = {isa = PBXBuildFile; fileRef = 55525BE51B1B03D300EFAE38 /* LaunchScreen.xib */; };
		55525BF31B1B03D300EFAE38 /* ZZParallaxCollectionTests.swift in Sources */ = {isa = PBXBuildFile; fileRef = 55525BF21B1B03D300EFAE38 /* ZZParallaxCollectionTests.swift */; };
		55525BFD1B1B042B00EFAE38 /* DemoTableViewController.swift in Sources */ = {isa = PBXBuildFile; fileRef = 55525BFC1B1B042B00EFAE38 /* DemoTableViewController.swift */; };
		55525BFF1B1B044800EFAE38 /* DemoParallaxCollectionViewController.swift in Sources */ = {isa = PBXBuildFile; fileRef = 55525BFE1B1B044800EFAE38 /* DemoParallaxCollectionViewController.swift */; };
		55525C041B1B048500EFAE38 /* ParallaxHeader.swift in Sources */ = {isa = PBXBuildFile; fileRef = 55525C031B1B048500EFAE38 /* ParallaxHeader.swift */; };
		55525C061B1B04B200EFAE38 /* BaseTableViewController.swift in Sources */ = {isa = PBXBuildFile; fileRef = 55525C051B1B04B200EFAE38 /* BaseTableViewController.swift */; };
		55525C081B1B04D900EFAE38 /* BaseParallaxCollectionViewController.swift in Sources */ = {isa = PBXBuildFile; fileRef = 55525C071B1B04D900EFAE38 /* BaseParallaxCollectionViewController.swift */; };
		55525C0A1B1B04FB00EFAE38 /* UnitCollectionViewCell.swift in Sources */ = {isa = PBXBuildFile; fileRef = 55525C091B1B04FB00EFAE38 /* UnitCollectionViewCell.swift */; };
/* End PBXBuildFile section */

/* Begin PBXContainerItemProxy section */
		55525BED1B1B03D300EFAE38 /* PBXContainerItemProxy */ = {
			isa = PBXContainerItemProxy;
			containerPortal = 55525BCF1B1B03D300EFAE38 /* Project object */;
			proxyType = 1;
			remoteGlobalIDString = 55525BD61B1B03D300EFAE38;
			remoteInfo = ZZParallaxCollection;
		};
/* End PBXContainerItemProxy section */

/* Begin PBXFileReference section */
		55525BD71B1B03D300EFAE38 /* ZZParallaxCollection.app */ = {isa = PBXFileReference; explicitFileType = wrapper.application; includeInIndex = 0; path = ZZParallaxCollection.app; sourceTree = BUILT_PRODUCTS_DIR; };
		55525BDB1B1B03D300EFAE38 /* Info.plist */ = {isa = PBXFileReference; lastKnownFileType = text.plist.xml; path = Info.plist; sourceTree = "<group>"; };
		55525BDC1B1B03D300EFAE38 /* AppDelegate.swift */ = {isa = PBXFileReference; lastKnownFileType = sourcecode.swift; path = AppDelegate.swift; sourceTree = "<group>"; };
		55525BE31B1B03D300EFAE38 /* Images.xcassets */ = {isa = PBXFileReference; lastKnownFileType = folder.assetcatalog; path = Images.xcassets; sourceTree = "<group>"; };
		55525BE61B1B03D300EFAE38 /* Base */ = {isa = PBXFileReference; lastKnownFileType = file.xib; name = Base; path = Base.lproj/LaunchScreen.xib; sourceTree = "<group>"; };
		55525BEC1B1B03D300EFAE38 /* ZZParallaxCollectionTests.xctest */ = {isa = PBXFileReference; explicitFileType = wrapper.cfbundle; includeInIndex = 0; path = ZZParallaxCollectionTests.xctest; sourceTree = BUILT_PRODUCTS_DIR; };
		55525BF11B1B03D300EFAE38 /* Info.plist */ = {isa = PBXFileReference; lastKnownFileType = text.plist.xml; path = Info.plist; sourceTree = "<group>"; };
		55525BF21B1B03D300EFAE38 /* ZZParallaxCollectionTests.swift */ = {isa = PBXFileReference; lastKnownFileType = sourcecode.swift; path = ZZParallaxCollectionTests.swift; sourceTree = "<group>"; };
		55525BFC1B1B042B00EFAE38 /* DemoTableViewController.swift */ = {isa = PBXFileReference; fileEncoding = 4; lastKnownFileType = sourcecode.swift; path = DemoTableViewController.swift; sourceTree = "<group>"; };
		55525BFE1B1B044800EFAE38 /* DemoParallaxCollectionViewController.swift */ = {isa = PBXFileReference; fileEncoding = 4; lastKnownFileType = sourcecode.swift; path = DemoParallaxCollectionViewController.swift; sourceTree = "<group>"; };
		55525C031B1B048500EFAE38 /* ParallaxHeader.swift */ = {isa = PBXFileReference; fileEncoding = 4; lastKnownFileType = sourcecode.swift; path = ParallaxHeader.swift; sourceTree = "<group>"; };
		55525C051B1B04B200EFAE38 /* BaseTableViewController.swift */ = {isa = PBXFileReference; fileEncoding = 4; lastKnownFileType = sourcecode.swift; path = BaseTableViewController.swift; sourceTree = "<group>"; };
		55525C071B1B04D900EFAE38 /* BaseParallaxCollectionViewController.swift */ = {isa = PBXFileReference; fileEncoding = 4; lastKnownFileType = sourcecode.swift; path = BaseParallaxCollectionViewController.swift; sourceTree = "<group>"; };
		55525C091B1B04FB00EFAE38 /* UnitCollectionViewCell.swift */ = {isa = PBXFileReference; fileEncoding = 4; lastKnownFileType = sourcecode.swift; path = UnitCollectionViewCell.swift; sourceTree = "<group>"; };
/* End PBXFileReference section */

/* Begin PBXFrameworksBuildPhase section */
		55525BD41B1B03D300EFAE38 /* Frameworks */ = {
			isa = PBXFrameworksBuildPhase;
			buildActionMask = 2147483647;
			files = (
			);
			runOnlyForDeploymentPostprocessing = 0;
		};
		55525BE91B1B03D300EFAE38 /* Frameworks */ = {
			isa = PBXFrameworksBuildPhase;
			buildActionMask = 2147483647;
			files = (
			);
			runOnlyForDeploymentPostprocessing = 0;
		};
/* End PBXFrameworksBuildPhase section */

/* Begin PBXGroup section */
		55525BCE1B1B03D300EFAE38 = {
			isa = PBXGroup;
			children = (
				55525BD91B1B03D300EFAE38 /* ZZParallaxCollection */,
				55525BEF1B1B03D300EFAE38 /* ZZParallaxCollectionTests */,
				55525BD81B1B03D300EFAE38 /* Products */,
			);
			sourceTree = "<group>";
		};
		55525BD81B1B03D300EFAE38 /* Products */ = {
			isa = PBXGroup;
			children = (
				55525BD71B1B03D300EFAE38 /* ZZParallaxCollection.app */,
				55525BEC1B1B03D300EFAE38 /* ZZParallaxCollectionTests.xctest */,
			);
			name = Products;
			sourceTree = "<group>";
		};
		55525BD91B1B03D300EFAE38 /* ZZParallaxCollection */ = {
			isa = PBXGroup;
			children = (
				55525BFC1B1B042B00EFAE38 /* DemoTableViewController.swift */,
				55525BFE1B1B044800EFAE38 /* DemoParallaxCollectionViewController.swift */,
				55525BDC1B1B03D300EFAE38 /* AppDelegate.swift */,
				55525C001B1B046100EFAE38 /* ParallaxCollectionController */,
				55525BDA1B1B03D300EFAE38 /* Supporting Files */,
			);
			path = ZZParallaxCollection;
			sourceTree = "<group>";
		};
		55525BDA1B1B03D300EFAE38 /* Supporting Files */ = {
			isa = PBXGroup;
			children = (
				55525BE31B1B03D300EFAE38 /* Images.xcassets */,
				55525BE51B1B03D300EFAE38 /* LaunchScreen.xib */,
				55525BDB1B1B03D300EFAE38 /* Info.plist */,
			);
			name = "Supporting Files";
			sourceTree = "<group>";
		};
		55525BEF1B1B03D300EFAE38 /* ZZParallaxCollectionTests */ = {
			isa = PBXGroup;
			children = (
				55525BF21B1B03D300EFAE38 /* ZZParallaxCollectionTests.swift */,
				55525BF01B1B03D300EFAE38 /* Supporting Files */,
			);
			path = ZZParallaxCollectionTests;
			sourceTree = "<group>";
		};
		55525BF01B1B03D300EFAE38 /* Supporting Files */ = {
			isa = PBXGroup;
			children = (
				55525BF11B1B03D300EFAE38 /* Info.plist */,
			);
			name = "Supporting Files";
			sourceTree = "<group>";
		};
		55525C001B1B046100EFAE38 /* ParallaxCollectionController */ = {
			isa = PBXGroup;
			children = (
				55525C021B1B047400EFAE38 /* ParallaxCollection */,
				55525C011B1B046700EFAE38 /* ParallaxTableView */,
			);
			name = ParallaxCollectionController;
			sourceTree = "<group>";
		};
		55525C011B1B046700EFAE38 /* ParallaxTableView */ = {
			isa = PBXGroup;
			children = (
				55525C031B1B048500EFAE38 /* ParallaxHeader.swift */,
				55525C051B1B04B200EFAE38 /* BaseTableViewController.swift */,
			);
			name = ParallaxTableView;
			sourceTree = "<group>";
		};
		55525C021B1B047400EFAE38 /* ParallaxCollection */ = {
			isa = PBXGroup;
			children = (
				55525C071B1B04D900EFAE38 /* BaseParallaxCollectionViewController.swift */,
				55525C091B1B04FB00EFAE38 /* UnitCollectionViewCell.swift */,
			);
			name = ParallaxCollection;
			sourceTree = "<group>";
		};
/* End PBXGroup section */

/* Begin PBXNativeTarget section */
		55525BD61B1B03D300EFAE38 /* ZZParallaxCollection */ = {
			isa = PBXNativeTarget;
			buildConfigurationList = 55525BF61B1B03D300EFAE38 /* Build configuration list for PBXNativeTarget "ZZParallaxCollection" */;
			buildPhases = (
				55525BD31B1B03D300EFAE38 /* Sources */,
				55525BD41B1B03D300EFAE38 /* Frameworks */,
				55525BD51B1B03D300EFAE38 /* Resources */,
			);
			buildRules = (
			);
			dependencies = (
			);
			name = ZZParallaxCollection;
			productName = ZZParallaxCollection;
			productReference = 55525BD71B1B03D300EFAE38 /* ZZParallaxCollection.app */;
			productType = "com.apple.product-type.application";
		};
		55525BEB1B1B03D300EFAE38 /* ZZParallaxCollectionTests */ = {
			isa = PBXNativeTarget;
			buildConfigurationList = 55525BF91B1B03D300EFAE38 /* Build configuration list for PBXNativeTarget "ZZParallaxCollectionTests" */;
			buildPhases = (
				55525BE81B1B03D300EFAE38 /* Sources */,
				55525BE91B1B03D300EFAE38 /* Frameworks */,
				55525BEA1B1B03D300EFAE38 /* Resources */,
			);
			buildRules = (
			);
			dependencies = (
				55525BEE1B1B03D300EFAE38 /* PBXTargetDependency */,
			);
			name = ZZParallaxCollectionTests;
			productName = ZZParallaxCollectionTests;
			productReference = 55525BEC1B1B03D300EFAE38 /* ZZParallaxCollectionTests.xctest */;
			productType = "com.apple.product-type.bundle.unit-test";
		};
/* End PBXNativeTarget section */

/* Begin PBXProject section */
		55525BCF1B1B03D300EFAE38 /* Project object */ = {
			isa = PBXProject;
			attributes = {
				LastSwiftMigration = 0720;
				LastSwiftUpdateCheck = 0720;
				LastUpgradeCheck = 0720;
				ORGANIZATIONNAME = "Zhang Zeyang";
				TargetAttributes = {
					55525BD61B1B03D300EFAE38 = {
						CreatedOnToolsVersion = 6.3.2;
					};
					55525BEB1B1B03D300EFAE38 = {
						CreatedOnToolsVersion = 6.3.2;
						TestTargetID = 55525BD61B1B03D300EFAE38;
					};
				};
			};
			buildConfigurationList = 55525BD21B1B03D300EFAE38 /* Build configuration list for PBXProject "ZZParallaxCollection" */;
			compatibilityVersion = "Xcode 3.2";
			developmentRegion = English;
			hasScannedForEncodings = 0;
			knownRegions = (
				en,
				Base,
			);
			mainGroup = 55525BCE1B1B03D300EFAE38;
			productRefGroup = 55525BD81B1B03D300EFAE38 /* Products */;
			projectDirPath = "";
			projectRoot = "";
			targets = (
				55525BD61B1B03D300EFAE38 /* ZZParallaxCollection */,
				55525BEB1B1B03D300EFAE38 /* ZZParallaxCollectionTests */,
			);
		};
/* End PBXProject section */

/* Begin PBXResourcesBuildPhase section */
		55525BD51B1B03D300EFAE38 /* Resources */ = {
			isa = PBXResourcesBuildPhase;
			buildActionMask = 2147483647;
			files = (
				55525BE71B1B03D300EFAE38 /* LaunchScreen.xib in Resources */,
				55525BE41B1B03D300EFAE38 /* Images.xcassets in Resources */,
			);
			runOnlyForDeploymentPostprocessing = 0;
		};
		55525BEA1B1B03D300EFAE38 /* Resources */ = {
			isa = PBXResourcesBuildPhase;
			buildActionMask = 2147483647;
			files = (
			);
			runOnlyForDeploymentPostprocessing = 0;
		};
/* End PBXResourcesBuildPhase section */

/* Begin PBXSourcesBuildPhase section */
		55525BD31B1B03D300EFAE38 /* Sources */ = {
			isa = PBXSourcesBuildPhase;
			buildActionMask = 2147483647;
			files = (
				55525BFD1B1B042B00EFAE38 /* DemoTableViewController.swift in Sources */,
				55525C041B1B048500EFAE38 /* ParallaxHeader.swift in Sources */,
				55525C061B1B04B200EFAE38 /* BaseTableViewController.swift in Sources */,
				55525BFF1B1B044800EFAE38 /* DemoParallaxCollectionViewController.swift in Sources */,
				55525C0A1B1B04FB00EFAE38 /* UnitCollectionViewCell.swift in Sources */,
				55525C081B1B04D900EFAE38 /* BaseParallaxCollectionViewController.swift in Sources */,
				55525BDD1B1B03D300EFAE38 /* AppDelegate.swift in Sources */,
			);
			runOnlyForDeploymentPostprocessing = 0;
		};
		55525BE81B1B03D300EFAE38 /* Sources */ = {
			isa = PBXSourcesBuildPhase;
			buildActionMask = 2147483647;
			files = (
				55525BF31B1B03D300EFAE38 /* ZZParallaxCollectionTests.swift in Sources */,
			);
			runOnlyForDeploymentPostprocessing = 0;
		};
/* End PBXSourcesBuildPhase section */

/* Begin PBXTargetDependency section */
		55525BEE1B1B03D300EFAE38 /* PBXTargetDependency */ = {
			isa = PBXTargetDependency;
			target = 55525BD61B1B03D300EFAE38 /* ZZParallaxCollection */;
			targetProxy = 55525BED1B1B03D300EFAE38 /* PBXContainerItemProxy */;
		};
/* End PBXTargetDependency section */

/* Begin PBXVariantGroup section */
		55525BE51B1B03D300EFAE38 /* LaunchScreen.xib */ = {
			isa = PBXVariantGroup;
			children = (
				55525BE61B1B03D300EFAE38 /* Base */,
			);
			name = LaunchScreen.xib;
			sourceTree = "<group>";
		};
/* End PBXVariantGroup section */

/* Begin XCBuildConfiguration section */
		55525BF41B1B03D300EFAE38 /* Debug */ = {
			isa = XCBuildConfiguration;
			buildSettings = {
				ALWAYS_SEARCH_USER_PATHS = NO;
				CLANG_CXX_LANGUAGE_STANDARD = "gnu++0x";
				CLANG_CXX_LIBRARY = "libc++";
				CLANG_ENABLE_MODULES = YES;
				CLANG_ENABLE_OBJC_ARC = YES;
				CLANG_WARN_BOOL_CONVERSION = YES;
				CLANG_WARN_CONSTANT_CONVERSION = YES;
				CLANG_WARN_DIRECT_OBJC_ISA_USAGE = YES_ERROR;
				CLANG_WARN_EMPTY_BODY = YES;
				CLANG_WARN_ENUM_CONVERSION = YES;
				CLANG_WARN_INT_CONVERSION = YES;
				CLANG_WARN_OBJC_ROOT_CLASS = YES_ERROR;
				CLANG_WARN_UNREACHABLE_CODE = YES;
				CLANG_WARN__DUPLICATE_METHOD_MATCH = YES;
				"CODE_SIGN_IDENTITY[sdk=iphoneos*]" = "iPhone Developer";
				COPY_PHASE_STRIP = NO;
				DEBUG_INFORMATION_FORMAT = "dwarf-with-dsym";
				ENABLE_STRICT_OBJC_MSGSEND = YES;
				ENABLE_TESTABILITY = YES;
				GCC_C_LANGUAGE_STANDARD = gnu99;
				GCC_DYNAMIC_NO_PIC = NO;
				GCC_NO_COMMON_BLOCKS = YES;
				GCC_OPTIMIZATION_LEVEL = 0;
				GCC_PREPROCESSOR_DEFINITIONS = (
					"DEBUG=1",
					"$(inherited)",
				);
				GCC_SYMBOLS_PRIVATE_EXTERN = NO;
				GCC_WARN_64_TO_32_BIT_CONVERSION = YES;
				GCC_WARN_ABOUT_RETURN_TYPE = YES_ERROR;
				GCC_WARN_UNDECLARED_SELECTOR = YES;
				GCC_WARN_UNINITIALIZED_AUTOS = YES_AGGRESSIVE;
				GCC_WARN_UNUSED_FUNCTION = YES;
				GCC_WARN_UNUSED_VARIABLE = YES;
				IPHONEOS_DEPLOYMENT_TARGET = 8.3;
				MTL_ENABLE_DEBUG_INFO = YES;
				ONLY_ACTIVE_ARCH = YES;
				SDKROOT = iphoneos;
				SWIFT_OPTIMIZATION_LEVEL = "-Onone";
			};
			name = Debug;
		};
		55525BF51B1B03D300EFAE38 /* Release */ = {
			isa = XCBuildConfiguration;
			buildSettings = {
				ALWAYS_SEARCH_USER_PATHS = NO;
				CLANG_CXX_LANGUAGE_STANDARD = "gnu++0x";
				CLANG_CXX_LIBRARY = "libc++";
				CLANG_ENABLE_MODULES = YES;
				CLANG_ENABLE_OBJC_ARC = YES;
				CLANG_WARN_BOOL_CONVERSION = YES;
				CLANG_WARN_CONSTANT_CONVERSION = YES;
				CLANG_WARN_DIRECT_OBJC_ISA_USAGE = YES_ERROR;
				CLANG_WARN_EMPTY_BODY = YES;
				CLANG_WARN_ENUM_CONVERSION = YES;
				CLANG_WARN_INT_CONVERSION = YES;
				CLANG_WARN_OBJC_ROOT_CLASS = YES_ERROR;
				CLANG_WARN_UNREACHABLE_CODE = YES;
				CLANG_WARN__DUPLICATE_METHOD_MATCH = YES;
				"CODE_SIGN_IDENTITY[sdk=iphoneos*]" = "iPhone Developer";
				COPY_PHASE_STRIP = NO;
				DEBUG_INFORMATION_FORMAT = "dwarf-with-dsym";
				ENABLE_NS_ASSERTIONS = NO;
				ENABLE_STRICT_OBJC_MSGSEND = YES;
				GCC_C_LANGUAGE_STANDARD = gnu99;
				GCC_NO_COMMON_BLOCKS = YES;
				GCC_WARN_64_TO_32_BIT_CONVERSION = YES;
				GCC_WARN_ABOUT_RETURN_TYPE = YES_ERROR;
				GCC_WARN_UNDECLARED_SELECTOR = YES;
				GCC_WARN_UNINITIALIZED_AUTOS = YES_AGGRESSIVE;
				GCC_WARN_UNUSED_FUNCTION = YES;
				GCC_WARN_UNUSED_VARIABLE = YES;
				IPHONEOS_DEPLOYMENT_TARGET = 8.3;
				MTL_ENABLE_DEBUG_INFO = NO;
				SDKROOT = iphoneos;
				VALIDATE_PRODUCT = YES;
			};
			name = Release;
		};
		55525BF71B1B03D300EFAE38 /* Debug */ = {
			isa = XCBuildConfiguration;
			buildSettings = {
				ASSETCATALOG_COMPILER_APPICON_NAME = AppIcon;
				INFOPLIST_FILE = ZZParallaxCollection/Info.plist;
				LD_RUNPATH_SEARCH_PATHS = "$(inherited) @executable_path/Frameworks";
				PRODUCT_BUNDLE_IDENTIFIER = "zzy.$(PRODUCT_NAME:rfc1034identifier)";
				PRODUCT_NAME = "$(TARGET_NAME)";
			};
			name = Debug;
		};
		55525BF81B1B03D300EFAE38 /* Release */ = {
			isa = XCBuildConfiguration;
			buildSettings = {
				ASSETCATALOG_COMPILER_APPICON_NAME = AppIcon;
				INFOPLIST_FILE = ZZParallaxCollection/Info.plist;
				LD_RUNPATH_SEARCH_PATHS = "$(inherited) @executable_path/Frameworks";
				PRODUCT_BUNDLE_IDENTIFIER = "zzy.$(PRODUCT_NAME:rfc1034identifier)";
				PRODUCT_NAME = "$(TARGET_NAME)";
			};
			name = Release;
		};
		55525BFA1B1B03D300EFAE38 /* Debug */ = {
			isa = XCBuildConfiguration;
			buildSettings = {
				BUNDLE_LOADER = "$(TEST_HOST)";
				FRAMEWORK_SEARCH_PATHS = (
					"$(SDKROOT)/Developer/Library/Frameworks",
					"$(inherited)",
				);
				GCC_PREPROCESSOR_DEFINITIONS = (
					"DEBUG=1",
					"$(inherited)",
				);
				INFOPLIST_FILE = ZZParallaxCollectionTests/Info.plist;
				LD_RUNPATH_SEARCH_PATHS = "$(inherited) @executable_path/Frameworks @loader_path/Frameworks";
				PRODUCT_BUNDLE_IDENTIFIER = "zzy.$(PRODUCT_NAME:rfc1034identifier)";
				PRODUCT_NAME = "$(TARGET_NAME)";
				TEST_HOST = "$(BUILT_PRODUCTS_DIR)/ZZParallaxCollection.app/ZZParallaxCollection";
			};
			name = Debug;
		};
		55525BFB1B1B03D300EFAE38 /* Release */ = {
			isa = XCBuildConfiguration;
			buildSettings = {
				BUNDLE_LOADER = "$(TEST_HOST)";
				FRAMEWORK_SEARCH_PATHS = (
					"$(SDKROOT)/Developer/Library/Frameworks",
					"$(inherited)",
				);
				INFOPLIST_FILE = ZZParallaxCollectionTests/Info.plist;
				LD_RUNPATH_SEARCH_PATHS = "$(inherited) @executable_path/Frameworks @loader_path/Frameworks";
				PRODUCT_BUNDLE_IDENTIFIER = "zzy.$(PRODUCT_NAME:rfc1034identifier)";
				PRODUCT_NAME = "$(TARGET_NAME)";
				TEST_HOST = "$(BUILT_PRODUCTS_DIR)/ZZParallaxCollection.app/ZZParallaxCollection";
			};
			name = Release;
		};
/* End XCBuildConfiguration section */

/* Begin XCConfigurationList section */
		55525BD21B1B03D300EFAE38 /* Build configuration list for PBXProject "ZZParallaxCollection" */ = {
			isa = XCConfigurationList;
			buildConfigurations = (
				55525BF41B1B03D300EFAE38 /* Debug */,
				55525BF51B1B03D300EFAE38 /* Release */,
			);
			defaultConfigurationIsVisible = 0;
			defaultConfigurationName = Release;
		};
		55525BF61B1B03D300EFAE38 /* Build configuration list for PBXNativeTarget "ZZParallaxCollection" */ = {
			isa = XCConfigurationList;
			buildConfigurations = (
				55525BF71B1B03D300EFAE38 /* Debug */,
				55525BF81B1B03D300EFAE38 /* Release */,
			);
			defaultConfigurationIsVisible = 0;
			defaultConfigurationName = Release;
		};
		55525BF91B1B03D300EFAE38 /* Build configuration list for PBXNativeTarget "ZZParallaxCollectionTests" */ = {
			isa = XCConfigurationList;
			buildConfigurations = (
				55525BFA1B1B03D300EFAE38 /* Debug */,
				55525BFB1B1B03D300EFAE38 /* Release */,
			);
			defaultConfigurationIsVisible = 0;
			defaultConfigurationName = Release;
		};
/* End XCConfigurationList section */
	};
	rootObject = 55525BCF1B1B03D300EFAE38 /* Project object */;
}
